dependencies:
- name: dex
  repository: https://charts.dexidp.io
  version: 0.19.1
- name: oauth2-proxy
  repository: https://oauth2-proxy.github.io/manifests
  version: 7.8.0
- name: httpbin
  repository: https://conservis.github.io/helm-charts
  version: 1.1.0
- name: hello-world
  repository: https://conservis.github.io/helm-charts
  version: 1.1.0
digest: sha256:e3f3181040213d97632f9538b864df913151aa681fa4a2aa505a3c9b2e37d335
generated: "2024-11-22T17:00:30.446025461Z"
